
Microsoft Visual Studio Solution File, Format Version 12.00
# Visual Studio Version 16
VisualStudioVersion = 16.0.29728.190
MinimumVisualStudioVersion = 10.0.40219.1
Project("{FAE04EC0-301F-11D3-BF4B-00C04F79EFBC}") = "ESP32-DSP Desktop", "ESP32-DSP Desktop\ESP32-DSP Desktop.csproj", "{F6FAB734-7F30-4EA9-872B-75D40CD4E6B2}"
EndProject
Global
	GlobalSection(SolutionConfigurationPlatforms) = preSolution
		Debug|Any CPU = Debug|Any CPU
		Release|Any CPU = Release|Any CPU
	EndGlobalSection
	GlobalSection(ProjectConfigurationPlatforms) = postSolution
		{F6FAB734-7F30-4EA9-872B-75D40CD4E6B2}.Debug|Any CPU.ActiveCfg = Debug|Any CPU
		{F6FAB734-7F30-4EA9-872B-75D40CD4E6B2}.Debug|Any CPU.Build.0 = Debug|Any CPU
		{F6FAB734-7F30-4EA9-872B-75D40CD4E6B2}.Release|Any CPU.ActiveCfg = Release|Any CPU
		{F6FAB734-7F30-4EA9-872B-75D40CD4E6B2}.Release|Any CPU.Build.0 = Release|Any CPU
	EndGlobalSection
	GlobalSection(SolutionProperties) = preSolution
		HideSolutionNode = FALSE
	EndGlobalSection
	GlobalSection(ExtensibilityGlobals) = postSolution
		SolutionGuid = {2B1F5F96-A3C9-47FD-8E27-338DDC13F202}
	EndGlobalSection
EndGlobal
